
Microsoft Visual Studio Solution File, Format Version 12.00
# Visual Studio Version 17
VisualStudioVersion = 17.0.31903.59
MinimumVisualStudioVersion = 10.0.40219.1
Project("{2150E333-8FDC-42A3-9474-1A3956D46DE8}") = "backend", "backend", "{1AE8ACA6-933B-BF2A-3671-3E2EAC007D16}"
EndProject
Project("{2150E333-8FDC-42A3-9474-1A3956D46DE8}") = "src", "src", "{0F9113EE-888A-26D2-68B0-4A7D0A2A8745}"
EndProject
Project("{2150E333-8FDC-42A3-9474-1A3956D46DE8}") = "Core", "Core", "{3CBF8B06-773E-1BEF-11DA-790A12DA9FF0}"
EndProject
Project("{2150E333-8FDC-42A3-9474-1A3956D46DE8}") = "Application", "Application", "{F8CEF928-17E7-CB42-F9AE-7AE0048FA0C3}"
EndProject
Project("{FAE04EC0-301F-11D3-BF4B-00C04F79EFBC}") = "Inventory.Application", "backend\src\Core\Application\Inventory.Application.csproj", "{6C8C5F87-8EC1-4D76-A671-BB707E947BC0}"
EndProject
Project("{2150E333-8FDC-42A3-9474-1A3956D46DE8}") = "Infrastructure", "Infrastructure", "{2E00793F-1FC4-E5CF-561B-B85C6FC4F4EC}"
EndProject
Project("{2150E333-8FDC-42A3-9474-1A3956D46DE8}") = "Persistence", "Persistence", "{BF5427EC-46E5-C94F-B380-56D0185F1730}"
EndProject
Project("{FAE04EC0-301F-11D3-BF4B-00C04F79EFBC}") = "Inventory.Infrastructure.Persistence", "backend\src\Infrastructure\Persistence\Inventory.Infrastructure.Persistence.csproj", "{39BFBF45-3192-4FA2-9C3A-C6FB02FDDA3C}"
EndProject
Project("{2150E333-8FDC-42A3-9474-1A3956D46DE8}") = "API", "API", "{BA6F7829-E8E0-0751-39EF-2A8D88499F23}"
EndProject
Project("{FAE04EC0-301F-11D3-BF4B-00C04F79EFBC}") = "InventorySystem.API", "backend\src\API\InventorySystem.API.csproj", "{D137057F-7F3D-4823-BF18-0DB647C58144}"
EndProject
Project("{2150E333-8FDC-42A3-9474-1A3956D46DE8}") = "Domain", "Domain", "{6AED98A2-CA20-F4F7-8C93-67A641DE205D}"
EndProject
Project("{FAE04EC0-301F-11D3-BF4B-00C04F79EFBC}") = "Inventory.Domain", "backend\src\Core\Domain\Inventory.Domain.csproj", "{B4F230F8-428E-466B-BB9E-132587C96D5C}"
EndProject
Project("{2150E333-8FDC-42A3-9474-1A3956D46DE8}") = "Identity", "Identity", "{02EA681E-C7D8-13C7-8484-4AC65E1B71E8}"
EndProject
Project("{FAE04EC0-301F-11D3-BF4B-00C04F79EFBC}") = "Infrastructure.Identity", "Infrastructure.Identity\Infrastructure.Identity.csproj", "{CA0E4495-5484-4DA5-B5D4-93BF078ABE6F}"
EndProject
Global
	GlobalSection(SolutionConfigurationPlatforms) = preSolution
		Debug|Any CPU = Debug|Any CPU
		Debug|x64 = Debug|x64
		Debug|x86 = Debug|x86
		Release|Any CPU = Release|Any CPU
		Release|x64 = Release|x64
		Release|x86 = Release|x86
	EndGlobalSection
	GlobalSection(ProjectConfigurationPlatforms) = postSolution
		{6C8C5F87-8EC1-4D76-A671-BB707E947BC0}.Debug|Any CPU.ActiveCfg = Debug|Any CPU
		{6C8C5F87-8EC1-4D76-A671-BB707E947BC0}.Debug|Any CPU.Build.0 = Debug|Any CPU
		{6C8C5F87-8EC1-4D76-A671-BB707E947BC0}.Debug|x64.ActiveCfg = Debug|Any CPU
		{6C8C5F87-8EC1-4D76-A671-BB707E947BC0}.Debug|x64.Build.0 = Debug|Any CPU
		{6C8C5F87-8EC1-4D76-A671-BB707E947BC0}.Debug|x86.ActiveCfg = Debug|Any CPU
		{6C8C5F87-8EC1-4D76-A671-BB707E947BC0}.Debug|x86.Build.0 = Debug|Any CPU
		{6C8C5F87-8EC1-4D76-A671-BB707E947BC0}.Release|Any CPU.ActiveCfg = Release|Any CPU
		{6C8C5F87-8EC1-4D76-A671-BB707E947BC0}.Release|Any CPU.Build.0 = Release|Any CPU
		{6C8C5F87-8EC1-4D76-A671-BB707E947BC0}.Release|x64.ActiveCfg = Release|Any CPU
		{6C8C5F87-8EC1-4D76-A671-BB707E947BC0}.Release|x64.Build.0 = Release|Any CPU
		{6C8C5F87-8EC1-4D76-A671-BB707E947BC0}.Release|x86.ActiveCfg = Release|Any CPU
		{6C8C5F87-8EC1-4D76-A671-BB707E947BC0}.Release|x86.Build.0 = Release|Any CPU
		{39BFBF45-3192-4FA2-9C3A-C6FB02FDDA3C}.Debug|Any CPU.ActiveCfg = Debug|Any CPU
		{39BFBF45-3192-4FA2-9C3A-C6FB02FDDA3C}.Debug|Any CPU.Build.0 = Debug|Any CPU
		{39BFBF45-3192-4FA2-9C3A-C6FB02FDDA3C}.Debug|x64.ActiveCfg = Debug|Any CPU
		{39BFBF45-3192-4FA2-9C3A-C6FB02FDDA3C}.Debug|x64.Build.0 = Debug|Any CPU
		{39BFBF45-3192-4FA2-9C3A-C6FB02FDDA3C}.Debug|x86.ActiveCfg = Debug|Any CPU
		{39BFBF45-3192-4FA2-9C3A-C6FB02FDDA3C}.Debug|x86.Build.0 = Debug|Any CPU
		{39BFBF45-3192-4FA2-9C3A-C6FB02FDDA3C}.Release|Any CPU.ActiveCfg = Release|Any CPU
		{39BFBF45-3192-4FA2-9C3A-C6FB02FDDA3C}.Release|Any CPU.Build.0 = Release|Any CPU
		{39BFBF45-3192-4FA2-9C3A-C6FB02FDDA3C}.Release|x64.ActiveCfg = Release|Any CPU
		{39BFBF45-3192-4FA2-9C3A-C6FB02FDDA3C}.Release|x64.Build.0 = Release|Any CPU
		{39BFBF45-3192-4FA2-9C3A-C6FB02FDDA3C}.Release|x86.ActiveCfg = Release|Any CPU
		{39BFBF45-3192-4FA2-9C3A-C6FB02FDDA3C}.Release|x86.Build.0 = Release|Any CPU
		{D137057F-7F3D-4823-BF18-0DB647C58144}.Debug|Any CPU.ActiveCfg = Debug|Any CPU
		{D137057F-7F3D-4823-BF18-0DB647C58144}.Debug|Any CPU.Build.0 = Debug|Any CPU
		{D137057F-7F3D-4823-BF18-0DB647C58144}.Debug|x64.ActiveCfg = Debug|Any CPU
		{D137057F-7F3D-4823-BF18-0DB647C58144}.Debug|x64.Build.0 = Debug|Any CPU
		{D137057F-7F3D-4823-BF18-0DB647C58144}.Debug|x86.ActiveCfg = Debug|Any CPU
		{D137057F-7F3D-4823-BF18-0DB647C58144}.Debug|x86.Build.0 = Debug|Any CPU
		{D137057F-7F3D-4823-BF18-0DB647C58144}.Release|Any CPU.ActiveCfg = Release|Any CPU
		{D137057F-7F3D-4823-BF18-0DB647C58144}.Release|Any CPU.Build.0 = Release|Any CPU
		{D137057F-7F3D-4823-BF18-0DB647C58144}.Release|x64.ActiveCfg = Release|Any CPU
		{D137057F-7F3D-4823-BF18-0DB647C58144}.Release|x64.Build.0 = Release|Any CPU
		{D137057F-7F3D-4823-BF18-0DB647C58144}.Release|x86.ActiveCfg = Release|Any CPU
		{D137057F-7F3D-4823-BF18-0DB647C58144}.Release|x86.Build.0 = Release|Any CPU
		{B4F230F8-428E-466B-BB9E-132587C96D5C}.Debug|Any CPU.ActiveCfg = Debug|Any CPU
		{B4F230F8-428E-466B-BB9E-132587C96D5C}.Debug|Any CPU.Build.0 = Debug|Any CPU
		{B4F230F8-428E-466B-BB9E-132587C96D5C}.Debug|x64.ActiveCfg = Debug|Any CPU
		{B4F230F8-428E-466B-BB9E-132587C96D5C}.Debug|x64.Build.0 = Debug|Any CPU
		{B4F230F8-428E-466B-BB9E-132587C96D5C}.Debug|x86.ActiveCfg = Debug|Any CPU
		{B4F230F8-428E-466B-BB9E-132587C96D5C}.Debug|x86.Build.0 = Debug|Any CPU
		{B4F230F8-428E-466B-BB9E-132587C96D5C}.Release|Any CPU.ActiveCfg = Release|Any CPU
		{B4F230F8-428E-466B-BB9E-132587C96D5C}.Release|Any CPU.Build.0 = Release|Any CPU
		{B4F230F8-428E-466B-BB9E-132587C96D5C}.Release|x64.ActiveCfg = Release|Any CPU
		{B4F230F8-428E-466B-BB9E-132587C96D5C}.Release|x64.Build.0 = Release|Any CPU
		{B4F230F8-428E-466B-BB9E-132587C96D5C}.Release|x86.ActiveCfg = Release|Any CPU
		{B4F230F8-428E-466B-BB9E-132587C96D5C}.Release|x86.Build.0 = Release|Any CPU
		{CA0E4495-5484-4DA5-B5D4-93BF078ABE6F}.Debug|Any CPU.ActiveCfg = Debug|Any CPU
		{CA0E4495-5484-4DA5-B5D4-93BF078ABE6F}.Debug|Any CPU.Build.0 = Debug|Any CPU
		{CA0E4495-5484-4DA5-B5D4-93BF078ABE6F}.Debug|x64.ActiveCfg = Debug|Any CPU
		{CA0E4495-5484-4DA5-B5D4-93BF078ABE6F}.Debug|x64.Build.0 = Debug|Any CPU
		{CA0E4495-5484-4DA5-B5D4-93BF078ABE6F}.Debug|x86.ActiveCfg = Debug|Any CPU
		{CA0E4495-5484-4DA5-B5D4-93BF078ABE6F}.Debug|x86.Build.0 = Debug|Any CPU
		{CA0E4495-5484-4DA5-B5D4-93BF078ABE6F}.Release|Any CPU.ActiveCfg = Release|Any CPU
		{CA0E4495-5484-4DA5-B5D4-93BF078ABE6F}.Release|Any CPU.Build.0 = Release|Any CPU
		{CA0E4495-5484-4DA5-B5D4-93BF078ABE6F}.Release|x64.ActiveCfg = Release|Any CPU
		{CA0E4495-5484-4DA5-B5D4-93BF078ABE6F}.Release|x64.Build.0 = Release|Any CPU
		{CA0E4495-5484-4DA5-B5D4-93BF078ABE6F}.Release|x86.ActiveCfg = Release|Any CPU
		{CA0E4495-5484-4DA5-B5D4-93BF078ABE6F}.Release|x86.Build.0 = Release|Any CPU
	EndGlobalSection
	GlobalSection(SolutionProperties) = preSolution
		HideSolutionNode = FALSE
	EndGlobalSection
	GlobalSection(NestedProjects) = preSolution
		{0F9113EE-888A-26D2-68B0-4A7D0A2A8745} = {1AE8ACA6-933B-BF2A-3671-3E2EAC007D16}
		{3CBF8B06-773E-1BEF-11DA-790A12DA9FF0} = {0F9113EE-888A-26D2-68B0-4A7D0A2A8745}
		{F8CEF928-17E7-CB42-F9AE-7AE0048FA0C3} = {3CBF8B06-773E-1BEF-11DA-790A12DA9FF0}
		{6C8C5F87-8EC1-4D76-A671-BB707E947BC0} = {F8CEF928-17E7-CB42-F9AE-7AE0048FA0C3}
		{2E00793F-1FC4-E5CF-561B-B85C6FC4F4EC} = {0F9113EE-888A-26D2-68B0-4A7D0A2A8745}
		{BF5427EC-46E5-C94F-B380-56D0185F1730} = {2E00793F-1FC4-E5CF-561B-B85C6FC4F4EC}
		{39BFBF45-3192-4FA2-9C3A-C6FB02FDDA3C} = {BF5427EC-46E5-C94F-B380-56D0185F1730}
		{BA6F7829-E8E0-0751-39EF-2A8D88499F23} = {0F9113EE-888A-26D2-68B0-4A7D0A2A8745}
		{D137057F-7F3D-4823-BF18-0DB647C58144} = {BA6F7829-E8E0-0751-39EF-2A8D88499F23}
		{6AED98A2-CA20-F4F7-8C93-67A641DE205D} = {3CBF8B06-773E-1BEF-11DA-790A12DA9FF0}
		{B4F230F8-428E-466B-BB9E-132587C96D5C} = {6AED98A2-CA20-F4F7-8C93-67A641DE205D}
		{02EA681E-C7D8-13C7-8484-4AC65E1B71E8} = {2E00793F-1FC4-E5CF-561B-B85C6FC4F4EC}
		{CA0E4495-5484-4DA5-B5D4-93BF078ABE6F} = {02EA681E-C7D8-13C7-8484-4AC65E1B71E8}
	EndGlobalSection
	GlobalSection(ExtensibilityGlobals) = postSolution
		SolutionGuid = {F8B1D02B-DDDD-45AC-A801-5940CE94B88C}
	EndGlobalSection
EndGlobal
